# This file is automatically @generated by Cargo.
# It is not intended for manual editing.
version = 3

[[package]]
name = "ansi_term"
version = "0.11.0"
source = "registry+https://github.com/rust-lang/crates.io-index"
checksum = "ee49baf6cb617b853aa8d93bf420db2383fab46d314482ca2803b40d5fde979b"
dependencies = [
 "winapi",
]

[[package]]
name = "approx"
version = "0.3.2"
source = "registry+https://github.com/rust-lang/crates.io-index"
checksum = "f0e60b75072ecd4168020818c0107f2857bb6c4e64252d8d3983f6263b40a5c3"
dependencies = [
 "num-traits",
]

[[package]]
name = "arrayref"
version = "0.3.6"
source = "registry+https://github.com/rust-lang/crates.io-index"
checksum = "a4c527152e37cf757a3f78aae5a06fbeefdb07ccc535c980a3208ee3060dd544"

[[package]]
name = "arrayvec"
version = "0.5.1"
source = "registry+https://github.com/rust-lang/crates.io-index"
checksum = "cff77d8686867eceff3105329d4698d96c2391c176d5d03adc90c7389162b5b8"

[[package]]
name = "atty"
version = "0.2.14"
source = "registry+https://github.com/rust-lang/crates.io-index"
checksum = "d9b39be18770d11421cdb1b9947a45dd3f37e93092cbf377614828a319d5fee8"
dependencies = [
 "hermit-abi",
 "libc",
 "winapi",
]

[[package]]
name = "autocfg"
version = "1.0.0"
source = "registry+https://github.com/rust-lang/crates.io-index"
checksum = "f8aac770f1885fd7e387acedd76065302551364496e46b3dd00860b2f8359b9d"

[[package]]
name = "base64"
version = "0.11.0"
source = "registry+https://github.com/rust-lang/crates.io-index"
checksum = "b41b7ea54a0c9d92199de89e20e58d49f02f8e699814ef3fdf266f6f748d15c7"

[[package]]
name = "bincode"
version = "1.3.1"
source = "registry+https://github.com/rust-lang/crates.io-index"
checksum = "f30d3a39baa26f9651f17b375061f3233dde33424a8b72b0dbe93a68a0bc896d"
dependencies = [
 "byteorder",
 "serde",
]

[[package]]
name = "bitflags"
version = "1.2.1"
source = "registry+https://github.com/rust-lang/crates.io-index"
checksum = "cf1de2fe8c75bc145a2f577add951f8134889b4795d47466a54a5c846d691693"

[[package]]
name = "blake2b_simd"
version = "0.5.10"
source = "registry+https://github.com/rust-lang/crates.io-index"
checksum = "d8fb2d74254a3a0b5cac33ac9f8ed0e44aa50378d9dbb2e5d83bd21ed1dc2c8a"
dependencies = [
 "arrayref",
 "arrayvec",
 "constant_time_eq",
]

[[package]]
name = "bstr"
version = "0.2.13"
source = "registry+https://github.com/rust-lang/crates.io-index"
checksum = "31accafdb70df7871592c058eca3985b71104e15ac32f64706022c58867da931"
dependencies = [
 "lazy_static",
 "memchr",
 "regex-automata",
 "serde",
]

[[package]]
name = "bumpalo"
version = "3.4.0"
source = "registry+https://github.com/rust-lang/crates.io-index"
checksum = "2e8c087f005730276d1096a652e92a8bacee2e2472bcc9715a74d2bec38b5820"

[[package]]
name = "byteorder"
version = "1.3.4"
source = "registry+https://github.com/rust-lang/crates.io-index"
checksum = "08c48aae112d48ed9f069b33538ea9e3e90aa263cfa3d1c24309612b1f7472de"

[[package]]
name = "bzip2"
version = "0.3.3"
source = "registry+https://github.com/rust-lang/crates.io-index"
checksum = "42b7c3cbf0fa9c1b82308d57191728ca0256cb821220f4e2fd410a72ade26e3b"
dependencies = [
 "bzip2-sys",
 "libc",
]

[[package]]
name = "bzip2-sys"
version = "0.1.9+1.0.8"
source = "registry+https://github.com/rust-lang/crates.io-index"
checksum = "ad3b39a260062fca31f7b0b12f207e8f2590a67d32ec7d59c20484b07ea7285e"
dependencies = [
 "cc",
 "libc",
 "pkg-config",
]

[[package]]
name = "cc"
version = "1.0.55"
source = "registry+https://github.com/rust-lang/crates.io-index"
checksum = "b1be3409f94d7bdceeb5f5fac551039d9b3f00e25da7a74fc4d33400a0d96368"

[[package]]
name = "cfg-if"
version = "0.1.10"
source = "registry+https://github.com/rust-lang/crates.io-index"
checksum = "4785bdd1c96b2a846b2bd7cc02e86b6b3dbf14e7e53446c4f54c92a361040822"

[[package]]
name = "chrono"
version = "0.4.11"
source = "registry+https://github.com/rust-lang/crates.io-index"
checksum = "80094f509cf8b5ae86a4966a39b3ff66cd7e2a3e594accec3743ff3fabeab5b2"
dependencies = [
 "num-integer",
 "num-traits",
 "serde",
 "time",
]

[[package]]
name = "clap"
version = "2.33.1"
source = "registry+https://github.com/rust-lang/crates.io-index"
checksum = "bdfa80d47f954d53a35a64987ca1422f495b8d6483c0fe9f7117b36c2a792129"
dependencies = [
 "ansi_term",
 "atty",
 "bitflags",
 "strsim",
 "textwrap",
 "unicode-width",
 "vec_map",
]

[[package]]
name = "console"
version = "0.11.3"
source = "registry+https://github.com/rust-lang/crates.io-index"
checksum = "8c0994e656bba7b922d8dd1245db90672ffb701e684e45be58f20719d69abc5a"
dependencies = [
 "encode_unicode",
 "lazy_static",
 "libc",
 "regex",
 "terminal_size",
 "termios",
 "unicode-width",
 "winapi",
 "winapi-util",
]

[[package]]
name = "console_error_panic_hook"
version = "0.1.6"
source = "registry+https://github.com/rust-lang/crates.io-index"
checksum = "b8d976903543e0c48546a91908f21588a680a8c8f984df9a5d69feccb2b2a211"
dependencies = [
 "cfg-if",
 "wasm-bindgen",
]

[[package]]
name = "constant_time_eq"
version = "0.1.5"
source = "registry+https://github.com/rust-lang/crates.io-index"
checksum = "245097e9a4535ee1e3e3931fcfcd55a796a44c643e8596ff6566d68f09b87bbc"

[[package]]
name = "crc32fast"
version = "1.2.0"
source = "registry+https://github.com/rust-lang/crates.io-index"
checksum = "ba125de2af0df55319f41944744ad91c71113bf74a4646efff39afe1f6842db1"
dependencies = [
 "cfg-if",
]

[[package]]
name = "crossbeam-utils"
version = "0.7.2"
source = "registry+https://github.com/rust-lang/crates.io-index"
checksum = "c3c7c73a2d1e9fc0886a08b93e98eb643461230d5f1925e4036204d5f2e261a8"
dependencies = [
 "autocfg",
 "cfg-if",
 "lazy_static",
]

[[package]]
name = "csv"
version = "1.1.3"
source = "registry+https://github.com/rust-lang/crates.io-index"
checksum = "00affe7f6ab566df61b4be3ce8cf16bc2576bca0963ceb0955e45d514bf9a279"
dependencies = [
 "bstr",
 "csv-core",
 "itoa",
 "ryu",
 "serde",
]

[[package]]
name = "csv-core"
version = "0.1.10"
source = "registry+https://github.com/rust-lang/crates.io-index"
checksum = "2b2466559f260f48ad25fe6317b3c8dac77b5bdb5763ac7d9d6103530663bc90"
dependencies = [
 "memchr",
]

[[package]]
name = "dirs"
version = "3.0.1"
source = "registry+https://github.com/rust-lang/crates.io-index"
checksum = "142995ed02755914747cc6ca76fc7e4583cd18578746716d0508ea6ed558b9ff"
dependencies = [
 "dirs-sys",
]

[[package]]
name = "dirs-next"
version = "1.0.1"
source = "registry+https://github.com/rust-lang/crates.io-index"
checksum = "1cbcf9241d9e8d106295bd496bbe2e9cffd5fa098f2a8c9e2bbcbf09773c11a8"
dependencies = [
 "cfg-if",
 "dirs-sys-next",
]

[[package]]
name = "dirs-sys"
version = "0.3.5"
source = "registry+https://github.com/rust-lang/crates.io-index"
checksum = "8e93d7f5705de3e49895a2b5e0b8855a1c27f080192ae9c32a6432d50741a57a"
dependencies = [
 "libc",
 "redox_users",
 "winapi",
]

[[package]]
name = "dirs-sys-next"
version = "0.1.0"
source = "registry+https://github.com/rust-lang/crates.io-index"
checksum = "9c60f7b8a8953926148223260454befb50c751d3c50e1c178c4fd1ace4083c9a"
dependencies = [
 "libc",
 "redox_users",
 "winapi",
]

[[package]]
name = "either"
version = "1.5.3"
source = "registry+https://github.com/rust-lang/crates.io-index"
checksum = "bb1f6b1ce1c140482ea30ddd3335fc0024ac7ee112895426e0a629a6c20adfe3"

[[package]]
name = "encode_unicode"
version = "0.3.6"
source = "registry+https://github.com/rust-lang/crates.io-index"
checksum = "a357d28ed41a50f9c765dbfe56cbc04a64e53e5fc58ba79fbc34c10ef3df831f"

[[package]]
name = "generic-array"
version = "0.13.2"
source = "registry+https://github.com/rust-lang/crates.io-index"
checksum = "0ed1e761351b56f54eb9dcd0cfaca9fd0daecf93918e1cfc01c8a3d26ee7adcd"
dependencies = [
 "typenum",
]

[[package]]
name = "geomorph"
version = "1.1.0"
source = "registry+https://github.com/rust-lang/crates.io-index"
checksum = "fb95bb695bd8c8b7bdaecbb6080c06f22cd9f3f0c166e56d5f722b9633389b05"
dependencies = [
 "num-complex",
]

[[package]]
name = "getrandom"
version = "0.1.14"
source = "registry+https://github.com/rust-lang/crates.io-index"
checksum = "7abc8dd8451921606d809ba32e95b6111925cd2906060d2dcc29c070220503eb"
dependencies = [
 "cfg-if",
 "libc",
 "wasi",
]

[[package]]
name = "hermit-abi"
version = "0.1.14"
source = "registry+https://github.com/rust-lang/crates.io-index"
checksum = "b9586eedd4ce6b3c498bc3b4dd92fc9f11166aa908a914071953768066c67909"
dependencies = [
 "libc",
]

[[package]]
name = "indicatif"
version = "0.15.0"
source = "registry+https://github.com/rust-lang/crates.io-index"
checksum = "7baab56125e25686df467fe470785512329883aab42696d661247aca2a2896e4"
dependencies = [
 "console",
 "lazy_static",
 "number_prefix",
 "regex",
]

[[package]]
name = "itertools"
version = "0.9.0"
source = "registry+https://github.com/rust-lang/crates.io-index"
checksum = "284f18f85651fe11e8a991b2adb42cb078325c996ed026d994719efcfca1d54b"
dependencies = [
 "either",
]

[[package]]
name = "itoa"
version = "0.4.6"
source = "registry+https://github.com/rust-lang/crates.io-index"
checksum = "dc6f3ad7b9d11a0c00842ff8de1b60ee58661048eb8049ed33c73594f359d7e6"

[[package]]
name = "lazy_static"
version = "1.4.0"
source = "registry+https://github.com/rust-lang/crates.io-index"
checksum = "e2abad23fbc42b3700f2f279844dc832adb2b2eb069b2df918f455c4e18cc646"

[[package]]
name = "libc"
version = "0.2.71"
source = "registry+https://github.com/rust-lang/crates.io-index"
checksum = "9457b06509d27052635f90d6466700c65095fdf75409b3fbdd903e988b886f49"

[[package]]
name = "libm"
version = "0.2.1"
source = "registry+https://github.com/rust-lang/crates.io-index"
checksum = "c7d73b3f436185384286bd8098d17ec07c9a7d2388a6599f824d8502b529702a"

[[package]]
name = "log"
version = "0.4.8"
source = "registry+https://github.com/rust-lang/crates.io-index"
checksum = "14b6052be84e6b71ab17edffc2eeabf5c2c3ae1fdb464aae35ac50c67a44e1f7"
dependencies = [
 "cfg-if",
]

[[package]]
name = "matrixmultiply"
version = "0.2.3"
source = "registry+https://github.com/rust-lang/crates.io-index"
checksum = "d4f7ec66360130972f34830bfad9ef05c6610a43938a467bcc9ab9369ab3478f"
dependencies = [
 "rawpointer",
]

[[package]]
name = "memchr"
version = "2.3.3"
source = "registry+https://github.com/rust-lang/crates.io-index"
checksum = "3728d817d99e5ac407411fa471ff9800a778d88a24685968b36824eaf4bee400"

[[package]]
name = "nalgebra"
version = "0.21.1"
source = "registry+https://github.com/rust-lang/crates.io-index"
checksum = "d6b6147c3d50b4f3cdabfe2ecc94a0191fd3d6ad58aefd9664cf396285883486"
dependencies = [
 "approx",
 "generic-array",
 "matrixmultiply",
 "num-complex",
 "num-rational",
 "num-traits",
 "rand",
 "rand_distr",
 "serde",
 "serde_derive",
 "simba",
 "typenum",
]

[[package]]
name = "nix"
version = "0.17.0"
source = "registry+https://github.com/rust-lang/crates.io-index"
checksum = "50e4785f2c3b7589a0d0c1dd60285e1188adac4006e8abd6dd578e1567027363"
dependencies = [
 "bitflags",
 "cc",
 "cfg-if",
 "libc",
 "void",
]

[[package]]
name = "num-complex"
version = "0.2.4"
source = "registry+https://github.com/rust-lang/crates.io-index"
checksum = "b6b19411a9719e753aff12e5187b74d60d3dc449ec3f4dc21e3989c3f554bc95"
dependencies = [
 "autocfg",
 "num-traits",
 "serde",
]

[[package]]
name = "num-integer"
version = "0.1.43"
source = "registry+https://github.com/rust-lang/crates.io-index"
checksum = "8d59457e662d541ba17869cf51cf177c0b5f0cbf476c66bdc90bf1edac4f875b"
dependencies = [
 "autocfg",
 "num-traits",
]

[[package]]
name = "num-rational"
version = "0.2.4"
source = "registry+https://github.com/rust-lang/crates.io-index"
checksum = "5c000134b5dbf44adc5cb772486d335293351644b801551abe8f75c84cfa4aef"
dependencies = [
 "autocfg",
 "num-integer",
 "num-traits",
]

[[package]]
name = "num-traits"
version = "0.2.12"
source = "registry+https://github.com/rust-lang/crates.io-index"
checksum = "ac267bcc07f48ee5f8935ab0d24f316fb722d7a1292e2913f0cc196b29ffd611"
dependencies = [
 "autocfg",
 "libm",
]

[[package]]
name = "number_prefix"
version = "0.3.0"
source = "registry+https://github.com/rust-lang/crates.io-index"
checksum = "17b02fc0ff9a9e4b35b3342880f48e896ebf69f2967921fe8646bf5b7125956a"

[[package]]
name = "ordered-float"
version = "1.1.1"
source = "registry+https://github.com/rust-lang/crates.io-index"
checksum = "3305af35278dd29f46fcdd139e0b1fbfae2153f0e5928b39b035542dd31e37b7"
dependencies = [
 "num-traits",
]

[[package]]
name = "paste"
version = "0.1.18"
source = "registry+https://github.com/rust-lang/crates.io-index"
checksum = "45ca20c77d80be666aef2b45486da86238fabe33e38306bd3118fe4af33fa880"
dependencies = [
 "paste-impl",
 "proc-macro-hack",
]

[[package]]
name = "paste-impl"
version = "0.1.18"
source = "registry+https://github.com/rust-lang/crates.io-index"
checksum = "d95a7db200b97ef370c8e6de0088252f7e0dfff7d047a28528e47456c0fc98b6"
dependencies = [
 "proc-macro-hack",
]

[[package]]
name = "pkg-config"
version = "0.3.17"
source = "registry+https://github.com/rust-lang/crates.io-index"
checksum = "05da548ad6865900e60eaba7f589cc0783590a92e940c26953ff81ddbab2d677"

[[package]]
name = "podio"
version = "0.1.7"
source = "registry+https://github.com/rust-lang/crates.io-index"
checksum = "b18befed8bc2b61abc79a457295e7e838417326da1586050b919414073977f19"

[[package]]
name = "ppv-lite86"
version = "0.2.8"
source = "registry+https://github.com/rust-lang/crates.io-index"
checksum = "237a5ed80e274dbc66f86bd59c1e25edc039660be53194b5fe0a482e0f2612ea"

[[package]]
name = "proc-macro-hack"
version = "0.5.16"
source = "registry+https://github.com/rust-lang/crates.io-index"
checksum = "7e0456befd48169b9f13ef0f0ad46d492cf9d2dbb918bcf38e01eed4ce3ec5e4"

[[package]]
name = "proc-macro2"
version = "1.0.18"
source = "registry+https://github.com/rust-lang/crates.io-index"
checksum = "beae6331a816b1f65d04c45b078fd8e6c93e8071771f41b8163255bbd8d7c8fa"
dependencies = [
 "unicode-xid",
]

[[package]]
name = "quote"
version = "1.0.7"
source = "registry+https://github.com/rust-lang/crates.io-index"
checksum = "aa563d17ecb180e500da1cfd2b028310ac758de548efdd203e18f283af693f37"
dependencies = [
 "proc-macro2",
]

[[package]]
name = "rand"
version = "0.7.3"
source = "registry+https://github.com/rust-lang/crates.io-index"
checksum = "6a6b1679d49b24bbfe0c803429aa1874472f50d9b363131f0e89fc356b544d03"
dependencies = [
 "getrandom",
 "libc",
 "rand_chacha",
 "rand_core",
 "rand_hc",
]

[[package]]
name = "rand_chacha"
version = "0.2.2"
source = "registry+https://github.com/rust-lang/crates.io-index"
checksum = "f4c8ed856279c9737206bf725bf36935d8666ead7aa69b52be55af369d193402"
dependencies = [
 "ppv-lite86",
 "rand_core",
]

[[package]]
name = "rand_core"
version = "0.5.1"
source = "registry+https://github.com/rust-lang/crates.io-index"
checksum = "90bde5296fc891b0cef12a6d03ddccc162ce7b2aff54160af9338f8d40df6d19"
dependencies = [
 "getrandom",
]

[[package]]
name = "rand_distr"
version = "0.2.2"
source = "registry+https://github.com/rust-lang/crates.io-index"
checksum = "96977acbdd3a6576fb1d27391900035bf3863d4a16422973a409b488cf29ffb2"
dependencies = [
 "rand",
]

[[package]]
name = "rand_hc"
version = "0.2.0"
source = "registry+https://github.com/rust-lang/crates.io-index"
checksum = "ca3129af7b92a17112d59ad498c6f81eaf463253766b90396d39ea7a39d6613c"
dependencies = [
 "rand_core",
]

[[package]]
name = "rawpointer"
version = "0.2.1"
source = "registry+https://github.com/rust-lang/crates.io-index"
checksum = "60a357793950651c4ed0f3f52338f53b2f809f32d83a07f72909fa13e4c6c1e3"

[[package]]
name = "redox_syscall"
version = "0.1.56"
source = "registry+https://github.com/rust-lang/crates.io-index"
checksum = "2439c63f3f6139d1b57529d16bc3b8bb855230c8efcc5d3a896c8bea7c3b1e84"

[[package]]
name = "redox_users"
version = "0.3.4"
source = "registry+https://github.com/rust-lang/crates.io-index"
checksum = "09b23093265f8d200fa7b4c2c76297f47e681c655f6f1285a8780d6a022f7431"
dependencies = [
 "getrandom",
 "redox_syscall",
 "rust-argon2",
]

[[package]]
name = "regex"
version = "1.3.9"
source = "registry+https://github.com/rust-lang/crates.io-index"
checksum = "9c3780fcf44b193bc4d09f36d2a3c87b251da4a046c87795a0d35f4f927ad8e6"
dependencies = [
 "regex-syntax",
]

[[package]]
name = "regex-automata"
version = "0.1.9"
source = "registry+https://github.com/rust-lang/crates.io-index"
checksum = "ae1ded71d66a4a97f5e961fd0cb25a5f366a42a41570d16a763a69c092c26ae4"
dependencies = [
 "byteorder",
]

[[package]]
name = "regex-syntax"
version = "0.6.18"
source = "registry+https://github.com/rust-lang/crates.io-index"
checksum = "26412eb97c6b088a6997e05f69403a802a92d520de2f8e63c2b65f9e0f47c4e8"

[[package]]
name = "rust-argon2"
version = "0.7.0"
source = "registry+https://github.com/rust-lang/crates.io-index"
checksum = "2bc8af4bda8e1ff4932523b94d3dd20ee30a87232323eda55903ffd71d2fb017"
dependencies = [
 "base64",
 "blake2b_simd",
 "constant_time_eq",
 "crossbeam-utils",
]

[[package]]
name = "rustyline"
version = "6.2.0"
source = "registry+https://github.com/rust-lang/crates.io-index"
checksum = "3358c21cbbc1a751892528db4e1de4b7a2b6a73f001e215aaba97d712cfa9777"
dependencies = [
 "cfg-if",
 "dirs-next",
 "libc",
 "log",
 "memchr",
 "nix",
 "scopeguard",
 "unicode-segmentation",
 "unicode-width",
 "utf8parse",
 "winapi",
]

[[package]]
name = "ryu"
version = "1.0.5"
source = "registry+https://github.com/rust-lang/crates.io-index"
checksum = "71d301d4193d031abdd79ff7e3dd721168a9572ef3fe51a1517aba235bd8f86e"

[[package]]
name = "scopeguard"
version = "1.1.0"
source = "registry+https://github.com/rust-lang/crates.io-index"
checksum = "d29ab0c6d3fc0ee92fe66e2d99f700eab17a8d57d1c1d3b748380fb20baa78cd"

[[package]]
name = "serde"
version = "1.0.114"
source = "registry+https://github.com/rust-lang/crates.io-index"
checksum = "5317f7588f0a5078ee60ef675ef96735a1442132dc645eb1d12c018620ed8cd3"

[[package]]
name = "serde_derive"
version = "1.0.114"
source = "registry+https://github.com/rust-lang/crates.io-index"
checksum = "2a0be94b04690fbaed37cddffc5c134bf537c8e3329d53e982fe04c374978f8e"
dependencies = [
 "proc-macro2",
 "quote",
 "syn",
]

[[package]]
name = "serde_test"
version = "1.0.114"
source = "registry+https://github.com/rust-lang/crates.io-index"
checksum = "f58190d074af17bd48118303db08afadbd506bc2ba511b4582cebd8f882a9b8d"
dependencies = [
 "serde",
]

[[package]]
name = "shlex"
version = "0.1.1"
source = "registry+https://github.com/rust-lang/crates.io-index"
checksum = "7fdf1b9db47230893d76faad238fd6097fd6d6a9245cd7a4d90dbd639536bbd2"

[[package]]
name = "simba"
version = "0.1.5"
source = "registry+https://github.com/rust-lang/crates.io-index"
checksum = "fb931b1367faadea6b1ab1c306a860ec17aaa5fa39f367d0c744e69d971a1fb2"
dependencies = [
 "approx",
 "num-complex",
 "num-traits",
 "paste",
]

[[package]]
name = "strsim"
version = "0.8.0"
source = "registry+https://github.com/rust-lang/crates.io-index"
checksum = "8ea5119cdb4c55b55d432abb513a0429384878c15dde60cc77b1c99de1a95a6a"

[[package]]
name = "syn"
version = "1.0.33"
source = "registry+https://github.com/rust-lang/crates.io-index"
checksum = "e8d5d96e8cbb005d6959f119f773bfaebb5684296108fb32600c00cde305b2cd"
dependencies = [
 "proc-macro2",
 "quote",
 "unicode-xid",
]

[[package]]
name = "terminal_size"
version = "0.1.12"
source = "registry+https://github.com/rust-lang/crates.io-index"
checksum = "8038f95fc7a6f351163f4b964af631bd26c9e828f7db085f2a84aca56f70d13b"
dependencies = [
 "libc",
 "winapi",
]

[[package]]
name = "termios"
version = "0.3.2"
source = "registry+https://github.com/rust-lang/crates.io-index"
checksum = "6f0fcee7b24a25675de40d5bb4de6e41b0df07bc9856295e7e2b3a3600c400c2"
dependencies = [
 "libc",
]

[[package]]
name = "textwrap"
version = "0.11.0"
source = "registry+https://github.com/rust-lang/crates.io-index"
checksum = "d326610f408c7a4eb6f51c37c330e496b08506c9457c9d34287ecc38809fb060"
dependencies = [
 "unicode-width",
]

[[package]]
name = "time"
version = "0.1.43"
source = "registry+https://github.com/rust-lang/crates.io-index"
checksum = "ca8a50ef2360fbd1eeb0ecd46795a87a19024eb4b53c5dc916ca1fd95fe62438"
dependencies = [
 "libc",
 "winapi",
]

[[package]]
name = "tiny-transport-bin"
version = "0.1.0"
dependencies = [
 "bincode",
 "chrono",
 "clap",
 "dirs",
 "itertools",
 "rustyline",
 "shlex",
 "tiny-transport-import",
 "tiny-transport-simulation",
 "tiny-transport-storage",
 "zip",
]

[[package]]
name = "tiny-transport-import"
version = "0.1.0"
dependencies = [
 "approx",
 "bincode",
 "chrono",
 "console",
 "csv",
 "geomorph",
 "indicatif",
 "itertools",
 "nalgebra",
 "ordered-float",
 "serde",
 "serde_derive",
 "serde_test",
 "tiny-transport-simulation",
 "tiny-transport-storage",
 "tiny-transport-test",
 "zip",
]

[[package]]
name = "tiny-transport-simulation"
version = "0.1.0"
dependencies = [
 "approx",
 "itertools",
 "nalgebra",
 "serde",
 "serde_derive",
 "tiny-transport-test",
]

[[package]]
name = "tiny-transport-storage"
version = "0.1.0"
dependencies = [
 "itertools",
 "nalgebra",
 "serde",
 "serde_derive",
 "tiny-transport-simulation",
 "tiny-transport-test",
]

[[package]]
name = "tiny-transport-test"
version = "0.1.0"

[[package]]
name = "tiny-transport-wasm"
version = "0.1.0"
dependencies = [
 "approx",
 "bincode",
 "console_error_panic_hook",
 "nalgebra",
 "tiny-transport-simulation",
 "tiny-transport-storage",
 "wasm-bindgen",
]

[[package]]
name = "typenum"
version = "1.12.0"
source = "registry+https://github.com/rust-lang/crates.io-index"
checksum = "373c8a200f9e67a0c95e62a4f52fbf80c23b4381c05a17845531982fa99e6b33"

[[package]]
name = "unicode-segmentation"
version = "1.6.0"
source = "registry+https://github.com/rust-lang/crates.io-index"
checksum = "e83e153d1053cbb5a118eeff7fd5be06ed99153f00dbcd8ae310c5fb2b22edc0"

[[package]]
name = "unicode-width"
version = "0.1.7"
source = "registry+https://github.com/rust-lang/crates.io-index"
checksum = "caaa9d531767d1ff2150b9332433f32a24622147e5ebb1f26409d5da67afd479"

[[package]]
name = "unicode-xid"
version = "0.2.1"
source = "registry+https://github.com/rust-lang/crates.io-index"
checksum = "f7fe0bb3479651439c9112f72b6c505038574c9fbb575ed1bf3b797fa39dd564"

[[package]]
name = "utf8parse"
version = "0.2.0"
source = "registry+https://github.com/rust-lang/crates.io-index"
checksum = "936e4b492acfd135421d8dca4b1aa80a7bfc26e702ef3af710e0752684df5372"

[[package]]
name = "vec_map"
version = "0.8.2"
source = "registry+https://github.com/rust-lang/crates.io-index"
checksum = "f1bddf1187be692e79c5ffeab891132dfb0f236ed36a43c7ed39f1165ee20191"

[[package]]
name = "void"
version = "1.0.2"
source = "registry+https://github.com/rust-lang/crates.io-index"
checksum = "6a02e4885ed3bc0f2de90ea6dd45ebcbb66dacffe03547fadbb0eeae2770887d"

[[package]]
name = "wasi"
version = "0.9.0+wasi-snapshot-preview1"
source = "registry+https://github.com/rust-lang/crates.io-index"
checksum = "cccddf32554fecc6acb585f82a32a72e28b48f8c4c1883ddfeeeaa96f7d8e519"

[[package]]
name = "wasm-bindgen"
version = "0.2.63"
source = "registry+https://github.com/rust-lang/crates.io-index"
checksum = "4c2dc4aa152834bc334f506c1a06b866416a8b6697d5c9f75b9a689c8486def0"
dependencies = [
 "cfg-if",
 "wasm-bindgen-macro",
]

[[package]]
name = "wasm-bindgen-backend"
version = "0.2.63"
source = "registry+https://github.com/rust-lang/crates.io-index"
checksum = "ded84f06e0ed21499f6184df0e0cb3494727b0c5da89534e0fcc55c51d812101"
dependencies = [
 "bumpalo",
 "lazy_static",
 "log",
 "proc-macro2",
 "quote",
 "syn",
 "wasm-bindgen-shared",
]

[[package]]
name = "wasm-bindgen-macro"
version = "0.2.63"
source = "registry+https://github.com/rust-lang/crates.io-index"
checksum = "838e423688dac18d73e31edce74ddfac468e37b1506ad163ffaf0a46f703ffe3"
dependencies = [
 "quote",
 "wasm-bindgen-macro-support",
]

[[package]]
name = "wasm-bindgen-macro-support"
version = "0.2.63"
source = "registry+https://github.com/rust-lang/crates.io-index"
checksum = "3156052d8ec77142051a533cdd686cba889537b213f948cd1d20869926e68e92"
dependencies = [
 "proc-macro2",
 "quote",
 "syn",
 "wasm-bindgen-backend",
 "wasm-bindgen-shared",
]

[[package]]
name = "wasm-bindgen-shared"
version = "0.2.63"
source = "registry+https://github.com/rust-lang/crates.io-index"
checksum = "c9ba19973a58daf4db6f352eda73dc0e289493cd29fb2632eb172085b6521acd"

[[package]]
name = "winapi"
version = "0.3.8"
source = "registry+https://github.com/rust-lang/crates.io-index"
checksum = "8093091eeb260906a183e6ae1abdba2ef5ef2257a21801128899c3fc699229c6"
dependencies = [
 "winapi-i686-pc-windows-gnu",
 "winapi-x86_64-pc-windows-gnu",
]

[[package]]
name = "winapi-i686-pc-windows-gnu"
version = "0.4.0"
source = "registry+https://github.com/rust-lang/crates.io-index"
checksum = "ac3b87c63620426dd9b991e5ce0329eff545bccbbb34f3be09ff6fb6ab51b7b6"

[[package]]
name = "winapi-util"
version = "0.1.5"
source = "registry+https://github.com/rust-lang/crates.io-index"
checksum = "70ec6ce85bb158151cae5e5c87f95a8e97d2c0c4b001223f33a334e3ce5de178"
dependencies = [
 "winapi",
]

[[package]]
name = "winapi-x86_64-pc-windows-gnu"
version = "0.4.0"
source = "registry+https://github.com/rust-lang/crates.io-index"
checksum = "712e227841d057c1ee1cd2fb22fa7e5a5461ae8e48fa2ca79ec42cfc1931183f"

[[package]]
name = "zip"
version = "0.5.6"
source = "registry+https://github.com/rust-lang/crates.io-index"
checksum = "58287c28d78507f5f91f2a4cf1e8310e2c76fd4c6932f93ac60fd1ceb402db7d"
dependencies = [
 "bzip2",
 "crc32fast",
 "podio",
]
